
Microsoft Visual Studio Solution File, Format Version 12.00
# Visual Studio 2013
VisualStudioVersion = 12.0.21005.1
MinimumVisualStudioVersion = 10.0.40219.1
Project("{FAE04EC0-301F-11D3-BF4B-00C04F79EFBC}") = "SharpFlame", "SharpFlame\SharpFlame.csproj", "{152475A4-3ABE-41C4-B338-A2FB7B350FAF}"
EndProject
Project("{FAE04EC0-301F-11D3-BF4B-00C04F79EFBC}") = "SharpFlame.Core", "SharpFlame.Core\SharpFlame.Core.csproj", "{8AE7F7A3-841A-44A7-B016-4661BBBF7821}"
EndProject
Project("{FAE04EC0-301F-11D3-BF4B-00C04F79EFBC}") = "SharpFlame.Tests", "SharpFlame.Tests\SharpFlame.Tests.csproj", "{7FFE9034-AE5C-413C-A430-3C3C769E9954}"
EndProject
Project("{FAE04EC0-301F-11D3-BF4B-00C04F79EFBC}") = "SharpFlame.Tests.Gui", "SharpFlame.Tests.Gui\SharpFlame.Tests.Gui.csproj", "{5FDA3465-03C0-493D-9E10-97E97C289FB3}"
EndProject
Project("{FAE04EC0-301F-11D3-BF4B-00C04F79EFBC}") = "SharpFlame.Gui", "SharpFlame.Gui\SharpFlame.Gui.csproj", "{EA9D0D64-812B-4A4F-9227-6BEC303A10DB}"
EndProject
Project("{FAE04EC0-301F-11D3-BF4B-00C04F79EFBC}") = "SharpFlame.Gui.Windows", "SharpFlame.Gui.Windows\SharpFlame.Gui.Windows.csproj", "{F7B8C86F-1B47-4552-A7BC-2DFE4C46018C}"
EndProject
Project("{FAE04EC0-301F-11D3-BF4B-00C04F79EFBC}") = "SharpFlame.UI", "SharpFlame.UI\SharpFlame.UI.csproj", "{1FBD5990-ABDB-4C32-B253-C4CE31C4DCB6}"
EndProject
Project("{FAE04EC0-301F-11D3-BF4B-00C04F79EFBC}") = "SharpFlame.UI.Linux", "SharpFlame.UI.Linux\SharpFlame.UI.Linux.csproj", "{1CD53D0D-6349-4075-BBE7-1D7EDE24B221}"
EndProject
Project("{FAE04EC0-301F-11D3-BF4B-00C04F79EFBC}") = "SharpFlame.UI.Mac", "SharpFlame.UI.Mac\SharpFlame.UI.Mac.csproj", "{27D32E72-B25F-4329-BAA3-882B30563518}"
EndProject
Project("{FAE04EC0-301F-11D3-BF4B-00C04F79EFBC}") = "SharpFlame.UI.Windows", "SharpFlame.UI.Windows\SharpFlame.UI.Windows.csproj", "{B4FBF7E5-583F-4C6A-B100-FBD670A3D737}"
EndProject
Project("{FAE04EC0-301F-11D3-BF4B-00C04F79EFBC}") = "SharpFlame.Gui.Wpf", "SharpFlame.Gui.Wpf\SharpFlame.Gui.Wpf.csproj", "{A243BAF5-583D-4316-A464-6BC7AEFBFB59}"
EndProject
Global
	GlobalSection(SolutionConfigurationPlatforms) = preSolution
		Debug|Any CPU = Debug|Any CPU
		Debug|Mixed Platforms = Debug|Mixed Platforms
		Debug|x86 = Debug|x86
		Release|Any CPU = Release|Any CPU
		Release|Mixed Platforms = Release|Mixed Platforms
		Release|x86 = Release|x86
	EndGlobalSection
	GlobalSection(ProjectConfigurationPlatforms) = postSolution
		{152475A4-3ABE-41C4-B338-A2FB7B350FAF}.Debug|Any CPU.ActiveCfg = Debug|x86
		{152475A4-3ABE-41C4-B338-A2FB7B350FAF}.Debug|Mixed Platforms.ActiveCfg = Debug|x86
		{152475A4-3ABE-41C4-B338-A2FB7B350FAF}.Debug|Mixed Platforms.Build.0 = Debug|x86
		{152475A4-3ABE-41C4-B338-A2FB7B350FAF}.Debug|x86.ActiveCfg = Debug|x86
		{152475A4-3ABE-41C4-B338-A2FB7B350FAF}.Debug|x86.Build.0 = Debug|x86
		{152475A4-3ABE-41C4-B338-A2FB7B350FAF}.Release|Any CPU.ActiveCfg = Release|x86
		{152475A4-3ABE-41C4-B338-A2FB7B350FAF}.Release|Mixed Platforms.ActiveCfg = Release|x86
		{152475A4-3ABE-41C4-B338-A2FB7B350FAF}.Release|Mixed Platforms.Build.0 = Release|x86
		{152475A4-3ABE-41C4-B338-A2FB7B350FAF}.Release|x86.ActiveCfg = Release|x86
		{152475A4-3ABE-41C4-B338-A2FB7B350FAF}.Release|x86.Build.0 = Release|x86
		{8AE7F7A3-841A-44A7-B016-4661BBBF7821}.Debug|Any CPU.ActiveCfg = Debug|Any CPU
		{8AE7F7A3-841A-44A7-B016-4661BBBF7821}.Debug|Any CPU.Build.0 = Debug|Any CPU
		{8AE7F7A3-841A-44A7-B016-4661BBBF7821}.Debug|Mixed Platforms.ActiveCfg = Debug|Any CPU
		{8AE7F7A3-841A-44A7-B016-4661BBBF7821}.Debug|Mixed Platforms.Build.0 = Debug|Any CPU
		{8AE7F7A3-841A-44A7-B016-4661BBBF7821}.Debug|x86.ActiveCfg = Debug|Any CPU
		{8AE7F7A3-841A-44A7-B016-4661BBBF7821}.Release|Any CPU.ActiveCfg = Release|Any CPU
		{8AE7F7A3-841A-44A7-B016-4661BBBF7821}.Release|Any CPU.Build.0 = Release|Any CPU
		{8AE7F7A3-841A-44A7-B016-4661BBBF7821}.Release|Mixed Platforms.ActiveCfg = Release|Any CPU
		{8AE7F7A3-841A-44A7-B016-4661BBBF7821}.Release|Mixed Platforms.Build.0 = Release|Any CPU
		{8AE7F7A3-841A-44A7-B016-4661BBBF7821}.Release|x86.ActiveCfg = Release|Any CPU
		{7FFE9034-AE5C-413C-A430-3C3C769E9954}.Debug|Any CPU.ActiveCfg = Debug|Any CPU
		{7FFE9034-AE5C-413C-A430-3C3C769E9954}.Debug|Any CPU.Build.0 = Debug|Any CPU
		{7FFE9034-AE5C-413C-A430-3C3C769E9954}.Debug|Mixed Platforms.ActiveCfg = Debug|Any CPU
		{7FFE9034-AE5C-413C-A430-3C3C769E9954}.Debug|Mixed Platforms.Build.0 = Debug|Any CPU
		{7FFE9034-AE5C-413C-A430-3C3C769E9954}.Debug|x86.ActiveCfg = Debug|Any CPU
		{7FFE9034-AE5C-413C-A430-3C3C769E9954}.Release|Any CPU.ActiveCfg = Release|Any CPU
		{7FFE9034-AE5C-413C-A430-3C3C769E9954}.Release|Any CPU.Build.0 = Release|Any CPU
		{7FFE9034-AE5C-413C-A430-3C3C769E9954}.Release|Mixed Platforms.ActiveCfg = Release|Any CPU
		{7FFE9034-AE5C-413C-A430-3C3C769E9954}.Release|Mixed Platforms.Build.0 = Release|Any CPU
		{7FFE9034-AE5C-413C-A430-3C3C769E9954}.Release|x86.ActiveCfg = Release|Any CPU
		{5FDA3465-03C0-493D-9E10-97E97C289FB3}.Debug|Any CPU.ActiveCfg = Debug|Any CPU
		{5FDA3465-03C0-493D-9E10-97E97C289FB3}.Debug|Any CPU.Build.0 = Debug|Any CPU
		{5FDA3465-03C0-493D-9E10-97E97C289FB3}.Debug|Mixed Platforms.ActiveCfg = Debug|Any CPU
		{5FDA3465-03C0-493D-9E10-97E97C289FB3}.Debug|Mixed Platforms.Build.0 = Debug|Any CPU
		{5FDA3465-03C0-493D-9E10-97E97C289FB3}.Debug|x86.ActiveCfg = Debug|Any CPU
		{5FDA3465-03C0-493D-9E10-97E97C289FB3}.Release|Any CPU.ActiveCfg = Release|Any CPU
		{5FDA3465-03C0-493D-9E10-97E97C289FB3}.Release|Any CPU.Build.0 = Release|Any CPU
		{5FDA3465-03C0-493D-9E10-97E97C289FB3}.Release|Mixed Platforms.ActiveCfg = Release|Any CPU
		{5FDA3465-03C0-493D-9E10-97E97C289FB3}.Release|Mixed Platforms.Build.0 = Release|Any CPU
		{5FDA3465-03C0-493D-9E10-97E97C289FB3}.Release|x86.ActiveCfg = Release|Any CPU
		{EA9D0D64-812B-4A4F-9227-6BEC303A10DB}.Debug|Any CPU.ActiveCfg = Debug|Any CPU
		{EA9D0D64-812B-4A4F-9227-6BEC303A10DB}.Debug|Any CPU.Build.0 = Debug|Any CPU
		{EA9D0D64-812B-4A4F-9227-6BEC303A10DB}.Debug|Mixed Platforms.ActiveCfg = Debug|Any CPU
		{EA9D0D64-812B-4A4F-9227-6BEC303A10DB}.Debug|Mixed Platforms.Build.0 = Debug|Any CPU
		{EA9D0D64-812B-4A4F-9227-6BEC303A10DB}.Debug|x86.ActiveCfg = Debug|Any CPU
		{EA9D0D64-812B-4A4F-9227-6BEC303A10DB}.Release|Any CPU.ActiveCfg = Release|Any CPU
		{EA9D0D64-812B-4A4F-9227-6BEC303A10DB}.Release|Any CPU.Build.0 = Release|Any CPU
		{EA9D0D64-812B-4A4F-9227-6BEC303A10DB}.Release|Mixed Platforms.ActiveCfg = Release|Any CPU
		{EA9D0D64-812B-4A4F-9227-6BEC303A10DB}.Release|Mixed Platforms.Build.0 = Release|Any CPU
		{EA9D0D64-812B-4A4F-9227-6BEC303A10DB}.Release|x86.ActiveCfg = Release|Any CPU
		{F7B8C86F-1B47-4552-A7BC-2DFE4C46018C}.Debug|Any CPU.ActiveCfg = Debug|Any CPU
		{F7B8C86F-1B47-4552-A7BC-2DFE4C46018C}.Debug|Any CPU.Build.0 = Debug|Any CPU
		{F7B8C86F-1B47-4552-A7BC-2DFE4C46018C}.Debug|Mixed Platforms.ActiveCfg = Debug|Any CPU
		{F7B8C86F-1B47-4552-A7BC-2DFE4C46018C}.Debug|Mixed Platforms.Build.0 = Debug|Any CPU
		{F7B8C86F-1B47-4552-A7BC-2DFE4C46018C}.Debug|x86.ActiveCfg = Debug|Any CPU
		{F7B8C86F-1B47-4552-A7BC-2DFE4C46018C}.Release|Any CPU.ActiveCfg = Release|Any CPU
		{F7B8C86F-1B47-4552-A7BC-2DFE4C46018C}.Release|Any CPU.Build.0 = Release|Any CPU
		{F7B8C86F-1B47-4552-A7BC-2DFE4C46018C}.Release|Mixed Platforms.ActiveCfg = Release|Any CPU
		{F7B8C86F-1B47-4552-A7BC-2DFE4C46018C}.Release|Mixed Platforms.Build.0 = Release|Any CPU
		{F7B8C86F-1B47-4552-A7BC-2DFE4C46018C}.Release|x86.ActiveCfg = Release|Any CPU
		{1FBD5990-ABDB-4C32-B253-C4CE31C4DCB6}.Debug|Any CPU.ActiveCfg = Debug|Any CPU
		{1FBD5990-ABDB-4C32-B253-C4CE31C4DCB6}.Debug|Any CPU.Build.0 = Debug|Any CPU
		{1FBD5990-ABDB-4C32-B253-C4CE31C4DCB6}.Debug|Mixed Platforms.ActiveCfg = Debug|Any CPU
		{1FBD5990-ABDB-4C32-B253-C4CE31C4DCB6}.Debug|Mixed Platforms.Build.0 = Debug|Any CPU
		{1FBD5990-ABDB-4C32-B253-C4CE31C4DCB6}.Debug|x86.ActiveCfg = Debug|Any CPU
		{1FBD5990-ABDB-4C32-B253-C4CE31C4DCB6}.Release|Any CPU.ActiveCfg = Release|Any CPU
		{1FBD5990-ABDB-4C32-B253-C4CE31C4DCB6}.Release|Any CPU.Build.0 = Release|Any CPU
		{1FBD5990-ABDB-4C32-B253-C4CE31C4DCB6}.Release|Mixed Platforms.ActiveCfg = Release|Any CPU
		{1FBD5990-ABDB-4C32-B253-C4CE31C4DCB6}.Release|Mixed Platforms.Build.0 = Release|Any CPU
		{1FBD5990-ABDB-4C32-B253-C4CE31C4DCB6}.Release|x86.ActiveCfg = Release|Any CPU
		{1CD53D0D-6349-4075-BBE7-1D7EDE24B221}.Debug|Any CPU.ActiveCfg = Debug|Any CPU
		{1CD53D0D-6349-4075-BBE7-1D7EDE24B221}.Debug|Any CPU.Build.0 = Debug|Any CPU
		{1CD53D0D-6349-4075-BBE7-1D7EDE24B221}.Debug|Mixed Platforms.ActiveCfg = Debug|Any CPU
		{1CD53D0D-6349-4075-BBE7-1D7EDE24B221}.Debug|Mixed Platforms.Build.0 = Debug|Any CPU
		{1CD53D0D-6349-4075-BBE7-1D7EDE24B221}.Debug|x86.ActiveCfg = Debug|Any CPU
		{1CD53D0D-6349-4075-BBE7-1D7EDE24B221}.Release|Any CPU.ActiveCfg = Release|Any CPU
		{1CD53D0D-6349-4075-BBE7-1D7EDE24B221}.Release|Any CPU.Build.0 = Release|Any CPU
		{1CD53D0D-6349-4075-BBE7-1D7EDE24B221}.Release|Mixed Platforms.ActiveCfg = Release|Any CPU
		{1CD53D0D-6349-4075-BBE7-1D7EDE24B221}.Release|Mixed Platforms.Build.0 = Release|Any CPU
		{1CD53D0D-6349-4075-BBE7-1D7EDE24B221}.Release|x86.ActiveCfg = Release|Any CPU
		{27D32E72-B25F-4329-BAA3-882B30563518}.Debug|Any CPU.ActiveCfg = Debug|Any CPU
		{27D32E72-B25F-4329-BAA3-882B30563518}.Debug|Any CPU.Build.0 = Debug|Any CPU
		{27D32E72-B25F-4329-BAA3-882B30563518}.Debug|Mixed Platforms.ActiveCfg = Debug|Any CPU
		{27D32E72-B25F-4329-BAA3-882B30563518}.Debug|Mixed Platforms.Build.0 = Debug|Any CPU
		{27D32E72-B25F-4329-BAA3-882B30563518}.Debug|x86.ActiveCfg = Debug|Any CPU
		{27D32E72-B25F-4329-BAA3-882B30563518}.Release|Any CPU.ActiveCfg = Release|Any CPU
		{27D32E72-B25F-4329-BAA3-882B30563518}.Release|Any CPU.Build.0 = Release|Any CPU
		{27D32E72-B25F-4329-BAA3-882B30563518}.Release|Mixed Platforms.ActiveCfg = Release|Any CPU
		{27D32E72-B25F-4329-BAA3-882B30563518}.Release|Mixed Platforms.Build.0 = Release|Any CPU
		{27D32E72-B25F-4329-BAA3-882B30563518}.Release|x86.ActiveCfg = Release|Any CPU
		{B4FBF7E5-583F-4C6A-B100-FBD670A3D737}.Debug|Any CPU.ActiveCfg = Debug|Any CPU
		{B4FBF7E5-583F-4C6A-B100-FBD670A3D737}.Debug|Any CPU.Build.0 = Debug|Any CPU
		{B4FBF7E5-583F-4C6A-B100-FBD670A3D737}.Debug|Mixed Platforms.ActiveCfg = Debug|Any CPU
		{B4FBF7E5-583F-4C6A-B100-FBD670A3D737}.Debug|Mixed Platforms.Build.0 = Debug|Any CPU
		{B4FBF7E5-583F-4C6A-B100-FBD670A3D737}.Debug|x86.ActiveCfg = Debug|Any CPU
		{B4FBF7E5-583F-4C6A-B100-FBD670A3D737}.Release|Any CPU.ActiveCfg = Release|Any CPU
		{B4FBF7E5-583F-4C6A-B100-FBD670A3D737}.Release|Any CPU.Build.0 = Release|Any CPU
		{B4FBF7E5-583F-4C6A-B100-FBD670A3D737}.Release|Mixed Platforms.ActiveCfg = Release|Any CPU
		{B4FBF7E5-583F-4C6A-B100-FBD670A3D737}.Release|Mixed Platforms.Build.0 = Release|Any CPU
		{B4FBF7E5-583F-4C6A-B100-FBD670A3D737}.Release|x86.ActiveCfg = Release|Any CPU
		{A243BAF5-583D-4316-A464-6BC7AEFBFB59}.Debug|Any CPU.ActiveCfg = Debug|Any CPU
		{A243BAF5-583D-4316-A464-6BC7AEFBFB59}.Debug|Any CPU.Build.0 = Debug|Any CPU
		{A243BAF5-583D-4316-A464-6BC7AEFBFB59}.Debug|Mixed Platforms.ActiveCfg = Debug|Any CPU
		{A243BAF5-583D-4316-A464-6BC7AEFBFB59}.Debug|Mixed Platforms.Build.0 = Debug|Any CPU
		{A243BAF5-583D-4316-A464-6BC7AEFBFB59}.Debug|x86.ActiveCfg = Debug|Any CPU
		{A243BAF5-583D-4316-A464-6BC7AEFBFB59}.Release|Any CPU.ActiveCfg = Release|Any CPU
		{A243BAF5-583D-4316-A464-6BC7AEFBFB59}.Release|Any CPU.Build.0 = Release|Any CPU
		{A243BAF5-583D-4316-A464-6BC7AEFBFB59}.Release|Mixed Platforms.ActiveCfg = Release|Any CPU
		{A243BAF5-583D-4316-A464-6BC7AEFBFB59}.Release|Mixed Platforms.Build.0 = Release|Any CPU
		{A243BAF5-583D-4316-A464-6BC7AEFBFB59}.Release|x86.ActiveCfg = Release|Any CPU
	EndGlobalSection
	GlobalSection(SolutionProperties) = preSolution
		HideSolutionNode = FALSE
	EndGlobalSection
	GlobalSection(MonoDevelopProperties) = preSolution
		StartupItem = SharpFlame\SharpFlame.csproj
		Policies = $0
		$0.TextStylePolicy = $3
		$1.inheritsSet = null
		$1.scope = text/x-csharp
		$0.CSharpFormattingPolicy = $2
		$2.ElseIfNewLinePlacement = SameLine
		$2.AfterDelegateDeclarationParameterComma = True
		$2.inheritsSet = Mono
		$2.inheritsScope = text/x-csharp
		$2.scope = text/x-csharp
		$3.FileWidth = 120
		$3.EolMarker = Windows
		$3.inheritsSet = VisualStudio
		$3.inheritsScope = text/plain
		$3.scope = text/plain
	EndGlobalSection
EndGlobal
