
Microsoft Visual Studio Solution File, Format Version 12.00
# Visual Studio 2012
Project("{FAE04EC0-301F-11D3-BF4B-00C04F79EFBC}") = "SharpFlame.Core", "SharpFlame.Core\SharpFlame.Core.csproj", "{8AE7F7A3-841A-44A7-B016-4661BBBF7821}"
EndProject
Project("{FAE04EC0-301F-11D3-BF4B-00C04F79EFBC}") = "SharpFlame.Tests", "SharpFlame.Tests\SharpFlame.Tests.csproj", "{7FFE9034-AE5C-413C-A430-3C3C769E9954}"
EndProject
Project("{FAE04EC0-301F-11D3-BF4B-00C04F79EFBC}") = "SharpFlame.Tests.Gui", "SharpFlame.Tests.Gui\SharpFlame.Tests.Gui.csproj", "{5FDA3465-03C0-493D-9E10-97E97C289FB3}"
EndProject
Project("{FAE04EC0-301F-11D3-BF4B-00C04F79EFBC}") = "SharpFlame.Gui.Gtk", "SharpFlame.Gui.Gtk\SharpFlame.Gui.Gtk.csproj", "{FEBB5203-A2F1-49AD-B045-F077D372DFDD}"
EndProject
Project("{FAE04EC0-301F-11D3-BF4B-00C04F79EFBC}") = "SharpFlame.Gui.Windows", "SharpFlame.Gui.Windows\SharpFlame.Gui.Windows.csproj", "{F7B8C86F-1B47-4552-A7BC-2DFE4C46018C}"
EndProject
Project("{FAE04EC0-301F-11D3-BF4B-00C04F79EFBC}") = "Eto.Gl", "Eto.Gl\Eto.Gl.csproj", "{510CE98D-2169-48A0-889C-E743417EE5E1}"
EndProject
Project("{FAE04EC0-301F-11D3-BF4B-00C04F79EFBC}") = "Eto.Gl.Gtk", "Eto.Gl.Gtk\Eto.Gl.Gtk.csproj", "{06F7AC59-0E70-4646-BBFA-C105D9664FD0}"
EndProject
Project("{FAE04EC0-301F-11D3-BF4B-00C04F79EFBC}") = "Eto.Gl.Windows", "Eto.Gl.Windows\Eto.Gl.Windows.csproj", "{A0DCCC13-936C-4D5A-AD8C-ADFF75816A8F}"
EndProject
Project("{FAE04EC0-301F-11D3-BF4B-00C04F79EFBC}") = "SharpFlame", "SharpFlame\SharpFlame.csproj", "{152475A4-3ABE-41C4-B338-A2FB7B350FAF}"
EndProject
Global
	GlobalSection(SolutionConfigurationPlatforms) = preSolution
		Debug|Any CPU = Debug|Any CPU
		Debug|Mixed Platforms = Debug|Mixed Platforms
		Debug|x86 = Debug|x86
		Release|Any CPU = Release|Any CPU
		Release|Mixed Platforms = Release|Mixed Platforms
		Release|x86 = Release|x86
		DebugMac|Any CPU = DebugMac|Any CPU
		ReleaseMac|Any CPU = ReleaseMac|Any CPU
	EndGlobalSection
	GlobalSection(ProjectConfigurationPlatforms) = postSolution
		{06F7AC59-0E70-4646-BBFA-C105D9664FD0}.Debug|Any CPU.ActiveCfg = Debug|Any CPU
		{06F7AC59-0E70-4646-BBFA-C105D9664FD0}.Debug|Any CPU.Build.0 = Debug|Any CPU
		{06F7AC59-0E70-4646-BBFA-C105D9664FD0}.Debug|Mixed Platforms.ActiveCfg = Debug|Any CPU
		{06F7AC59-0E70-4646-BBFA-C105D9664FD0}.Debug|Mixed Platforms.Build.0 = Debug|Any CPU
		{06F7AC59-0E70-4646-BBFA-C105D9664FD0}.Debug|x86.ActiveCfg = Debug|Any CPU
		{06F7AC59-0E70-4646-BBFA-C105D9664FD0}.Debug|x86.Build.0 = Debug|Any CPU
		{06F7AC59-0E70-4646-BBFA-C105D9664FD0}.DebugMac|Any CPU.ActiveCfg = Debug|Any CPU
		{06F7AC59-0E70-4646-BBFA-C105D9664FD0}.DebugMac|Any CPU.Build.0 = Debug|Any CPU
		{06F7AC59-0E70-4646-BBFA-C105D9664FD0}.Release|Any CPU.ActiveCfg = Release|Any CPU
		{06F7AC59-0E70-4646-BBFA-C105D9664FD0}.Release|Any CPU.Build.0 = Release|Any CPU
		{06F7AC59-0E70-4646-BBFA-C105D9664FD0}.Release|Mixed Platforms.ActiveCfg = Release|Any CPU
		{06F7AC59-0E70-4646-BBFA-C105D9664FD0}.Release|Mixed Platforms.Build.0 = Release|Any CPU
		{06F7AC59-0E70-4646-BBFA-C105D9664FD0}.Release|x86.ActiveCfg = Release|Any CPU
		{06F7AC59-0E70-4646-BBFA-C105D9664FD0}.Release|x86.Build.0 = Release|Any CPU
		{06F7AC59-0E70-4646-BBFA-C105D9664FD0}.ReleaseMac|Any CPU.ActiveCfg = Debug|Any CPU
		{06F7AC59-0E70-4646-BBFA-C105D9664FD0}.ReleaseMac|Any CPU.Build.0 = Debug|Any CPU
		{152475A4-3ABE-41C4-B338-A2FB7B350FAF}.Debug|Any CPU.ActiveCfg = DebugMac|Any CPU
		{152475A4-3ABE-41C4-B338-A2FB7B350FAF}.Debug|Any CPU.Build.0 = DebugMac|Any CPU
		{152475A4-3ABE-41C4-B338-A2FB7B350FAF}.Debug|Mixed Platforms.ActiveCfg = DebugMac|Any CPU
		{152475A4-3ABE-41C4-B338-A2FB7B350FAF}.Debug|Mixed Platforms.Build.0 = DebugMac|Any CPU
		{152475A4-3ABE-41C4-B338-A2FB7B350FAF}.Debug|x86.ActiveCfg = Debug|x86
		{152475A4-3ABE-41C4-B338-A2FB7B350FAF}.Debug|x86.Build.0 = Debug|x86
		{152475A4-3ABE-41C4-B338-A2FB7B350FAF}.DebugMac|Any CPU.ActiveCfg = DebugMac|Any CPU
		{152475A4-3ABE-41C4-B338-A2FB7B350FAF}.DebugMac|Any CPU.Build.0 = DebugMac|Any CPU
		{152475A4-3ABE-41C4-B338-A2FB7B350FAF}.Release|Any CPU.ActiveCfg = ReleaseMac|Any CPU
		{152475A4-3ABE-41C4-B338-A2FB7B350FAF}.Release|Any CPU.Build.0 = ReleaseMac|Any CPU
		{152475A4-3ABE-41C4-B338-A2FB7B350FAF}.Release|Mixed Platforms.ActiveCfg = ReleaseMac|Any CPU
		{152475A4-3ABE-41C4-B338-A2FB7B350FAF}.Release|Mixed Platforms.Build.0 = ReleaseMac|Any CPU
		{152475A4-3ABE-41C4-B338-A2FB7B350FAF}.Release|x86.ActiveCfg = Release|x86
		{152475A4-3ABE-41C4-B338-A2FB7B350FAF}.Release|x86.Build.0 = Release|x86
		{152475A4-3ABE-41C4-B338-A2FB7B350FAF}.ReleaseMac|Any CPU.ActiveCfg = ReleaseMac|Any CPU
		{152475A4-3ABE-41C4-B338-A2FB7B350FAF}.ReleaseMac|Any CPU.Build.0 = ReleaseMac|Any CPU
		{510CE98D-2169-48A0-889C-E743417EE5E1}.Debug|Any CPU.ActiveCfg = Debug|Any CPU
		{510CE98D-2169-48A0-889C-E743417EE5E1}.Debug|Any CPU.Build.0 = Debug|Any CPU
		{510CE98D-2169-48A0-889C-E743417EE5E1}.Debug|Mixed Platforms.ActiveCfg = Debug|Any CPU
		{510CE98D-2169-48A0-889C-E743417EE5E1}.Debug|Mixed Platforms.Build.0 = Debug|Any CPU
		{510CE98D-2169-48A0-889C-E743417EE5E1}.Debug|x86.ActiveCfg = Debug|Any CPU
		{510CE98D-2169-48A0-889C-E743417EE5E1}.Debug|x86.Build.0 = Debug|Any CPU
		{510CE98D-2169-48A0-889C-E743417EE5E1}.DebugMac|Any CPU.ActiveCfg = Debug|Any CPU
		{510CE98D-2169-48A0-889C-E743417EE5E1}.DebugMac|Any CPU.Build.0 = Debug|Any CPU
		{510CE98D-2169-48A0-889C-E743417EE5E1}.Release|Any CPU.ActiveCfg = Release|Any CPU
		{510CE98D-2169-48A0-889C-E743417EE5E1}.Release|Any CPU.Build.0 = Release|Any CPU
		{510CE98D-2169-48A0-889C-E743417EE5E1}.Release|Mixed Platforms.ActiveCfg = Release|Any CPU
		{510CE98D-2169-48A0-889C-E743417EE5E1}.Release|Mixed Platforms.Build.0 = Release|Any CPU
		{510CE98D-2169-48A0-889C-E743417EE5E1}.Release|x86.ActiveCfg = Release|Any CPU
		{510CE98D-2169-48A0-889C-E743417EE5E1}.Release|x86.Build.0 = Release|Any CPU
		{510CE98D-2169-48A0-889C-E743417EE5E1}.ReleaseMac|Any CPU.ActiveCfg = Debug|Any CPU
		{510CE98D-2169-48A0-889C-E743417EE5E1}.ReleaseMac|Any CPU.Build.0 = Debug|Any CPU
		{5FDA3465-03C0-493D-9E10-97E97C289FB3}.Debug|Any CPU.ActiveCfg = Debug|Any CPU
		{5FDA3465-03C0-493D-9E10-97E97C289FB3}.Debug|Any CPU.Build.0 = Debug|Any CPU
		{5FDA3465-03C0-493D-9E10-97E97C289FB3}.Debug|Mixed Platforms.ActiveCfg = Debug|Any CPU
		{5FDA3465-03C0-493D-9E10-97E97C289FB3}.Debug|Mixed Platforms.Build.0 = Debug|Any CPU
		{5FDA3465-03C0-493D-9E10-97E97C289FB3}.Debug|x86.ActiveCfg = Debug|Any CPU
		{5FDA3465-03C0-493D-9E10-97E97C289FB3}.DebugMac|Any CPU.ActiveCfg = Debug|Any CPU
		{5FDA3465-03C0-493D-9E10-97E97C289FB3}.DebugMac|Any CPU.Build.0 = Debug|Any CPU
		{5FDA3465-03C0-493D-9E10-97E97C289FB3}.Release|Any CPU.ActiveCfg = Release|Any CPU
		{5FDA3465-03C0-493D-9E10-97E97C289FB3}.Release|Any CPU.Build.0 = Release|Any CPU
		{5FDA3465-03C0-493D-9E10-97E97C289FB3}.Release|Mixed Platforms.ActiveCfg = Release|Any CPU
		{5FDA3465-03C0-493D-9E10-97E97C289FB3}.Release|Mixed Platforms.Build.0 = Release|Any CPU
		{5FDA3465-03C0-493D-9E10-97E97C289FB3}.Release|x86.ActiveCfg = Release|Any CPU
		{5FDA3465-03C0-493D-9E10-97E97C289FB3}.ReleaseMac|Any CPU.ActiveCfg = Debug|Any CPU
		{5FDA3465-03C0-493D-9E10-97E97C289FB3}.ReleaseMac|Any CPU.Build.0 = Debug|Any CPU
		{7FFE9034-AE5C-413C-A430-3C3C769E9954}.Debug|Any CPU.ActiveCfg = Debug|Any CPU
		{7FFE9034-AE5C-413C-A430-3C3C769E9954}.Debug|Any CPU.Build.0 = Debug|Any CPU
		{7FFE9034-AE5C-413C-A430-3C3C769E9954}.Debug|Mixed Platforms.ActiveCfg = Debug|Any CPU
		{7FFE9034-AE5C-413C-A430-3C3C769E9954}.Debug|Mixed Platforms.Build.0 = Debug|Any CPU
		{7FFE9034-AE5C-413C-A430-3C3C769E9954}.Debug|x86.ActiveCfg = Debug|Any CPU
		{7FFE9034-AE5C-413C-A430-3C3C769E9954}.DebugMac|Any CPU.ActiveCfg = DebugMac|Any CPU
		{7FFE9034-AE5C-413C-A430-3C3C769E9954}.DebugMac|Any CPU.Build.0 = DebugMac|Any CPU
		{7FFE9034-AE5C-413C-A430-3C3C769E9954}.Release|Any CPU.ActiveCfg = Release|Any CPU
		{7FFE9034-AE5C-413C-A430-3C3C769E9954}.Release|Any CPU.Build.0 = Release|Any CPU
		{7FFE9034-AE5C-413C-A430-3C3C769E9954}.Release|Mixed Platforms.ActiveCfg = Release|Any CPU
		{7FFE9034-AE5C-413C-A430-3C3C769E9954}.Release|Mixed Platforms.Build.0 = Release|Any CPU
		{7FFE9034-AE5C-413C-A430-3C3C769E9954}.Release|x86.ActiveCfg = Release|Any CPU
		{7FFE9034-AE5C-413C-A430-3C3C769E9954}.ReleaseMac|Any CPU.ActiveCfg = ReleaseMac|Any CPU
		{7FFE9034-AE5C-413C-A430-3C3C769E9954}.ReleaseMac|Any CPU.Build.0 = ReleaseMac|Any CPU
		{8AE7F7A3-841A-44A7-B016-4661BBBF7821}.Debug|Any CPU.ActiveCfg = Debug|Any CPU
		{8AE7F7A3-841A-44A7-B016-4661BBBF7821}.Debug|Any CPU.Build.0 = Debug|Any CPU
		{8AE7F7A3-841A-44A7-B016-4661BBBF7821}.Debug|Mixed Platforms.ActiveCfg = Debug|Any CPU
		{8AE7F7A3-841A-44A7-B016-4661BBBF7821}.Debug|Mixed Platforms.Build.0 = Debug|Any CPU
		{8AE7F7A3-841A-44A7-B016-4661BBBF7821}.Debug|x86.ActiveCfg = Debug|Any CPU
		{8AE7F7A3-841A-44A7-B016-4661BBBF7821}.DebugMac|Any CPU.ActiveCfg = DebugMac|Any CPU
		{8AE7F7A3-841A-44A7-B016-4661BBBF7821}.DebugMac|Any CPU.Build.0 = DebugMac|Any CPU
		{8AE7F7A3-841A-44A7-B016-4661BBBF7821}.Release|Any CPU.ActiveCfg = Release|Any CPU
		{8AE7F7A3-841A-44A7-B016-4661BBBF7821}.Release|Any CPU.Build.0 = Release|Any CPU
		{8AE7F7A3-841A-44A7-B016-4661BBBF7821}.Release|Mixed Platforms.ActiveCfg = Release|Any CPU
		{8AE7F7A3-841A-44A7-B016-4661BBBF7821}.Release|Mixed Platforms.Build.0 = Release|Any CPU
		{8AE7F7A3-841A-44A7-B016-4661BBBF7821}.Release|x86.ActiveCfg = Release|Any CPU
		{8AE7F7A3-841A-44A7-B016-4661BBBF7821}.ReleaseMac|Any CPU.ActiveCfg = ReleaseMac|Any CPU
		{8AE7F7A3-841A-44A7-B016-4661BBBF7821}.ReleaseMac|Any CPU.Build.0 = ReleaseMac|Any CPU
		{A0DCCC13-936C-4D5A-AD8C-ADFF75816A8F}.Debug|Any CPU.ActiveCfg = Debug|Any CPU
		{A0DCCC13-936C-4D5A-AD8C-ADFF75816A8F}.Debug|Any CPU.Build.0 = Debug|Any CPU
		{A0DCCC13-936C-4D5A-AD8C-ADFF75816A8F}.Debug|Mixed Platforms.ActiveCfg = Debug|Any CPU
		{A0DCCC13-936C-4D5A-AD8C-ADFF75816A8F}.Debug|Mixed Platforms.Build.0 = Debug|Any CPU
		{A0DCCC13-936C-4D5A-AD8C-ADFF75816A8F}.Debug|x86.ActiveCfg = Debug|Any CPU
		{A0DCCC13-936C-4D5A-AD8C-ADFF75816A8F}.Debug|x86.Build.0 = Debug|Any CPU
		{A0DCCC13-936C-4D5A-AD8C-ADFF75816A8F}.DebugMac|Any CPU.ActiveCfg = Debug|Any CPU
		{A0DCCC13-936C-4D5A-AD8C-ADFF75816A8F}.DebugMac|Any CPU.Build.0 = Debug|Any CPU
		{A0DCCC13-936C-4D5A-AD8C-ADFF75816A8F}.Release|Any CPU.ActiveCfg = Release|Any CPU
		{A0DCCC13-936C-4D5A-AD8C-ADFF75816A8F}.Release|Any CPU.Build.0 = Release|Any CPU
		{A0DCCC13-936C-4D5A-AD8C-ADFF75816A8F}.Release|Mixed Platforms.ActiveCfg = Release|Any CPU
		{A0DCCC13-936C-4D5A-AD8C-ADFF75816A8F}.Release|Mixed Platforms.Build.0 = Release|Any CPU
		{A0DCCC13-936C-4D5A-AD8C-ADFF75816A8F}.Release|x86.ActiveCfg = Release|Any CPU
		{A0DCCC13-936C-4D5A-AD8C-ADFF75816A8F}.Release|x86.Build.0 = Release|Any CPU
		{A0DCCC13-936C-4D5A-AD8C-ADFF75816A8F}.ReleaseMac|Any CPU.ActiveCfg = Debug|Any CPU
		{A0DCCC13-936C-4D5A-AD8C-ADFF75816A8F}.ReleaseMac|Any CPU.Build.0 = Debug|Any CPU
		{F7B8C86F-1B47-4552-A7BC-2DFE4C46018C}.Debug|Any CPU.ActiveCfg = Debug|Any CPU
		{F7B8C86F-1B47-4552-A7BC-2DFE4C46018C}.Debug|Any CPU.Build.0 = Debug|Any CPU
		{F7B8C86F-1B47-4552-A7BC-2DFE4C46018C}.Debug|Mixed Platforms.ActiveCfg = Debug|Any CPU
		{F7B8C86F-1B47-4552-A7BC-2DFE4C46018C}.Debug|Mixed Platforms.Build.0 = Debug|Any CPU
		{F7B8C86F-1B47-4552-A7BC-2DFE4C46018C}.Debug|x86.ActiveCfg = Debug|Any CPU
		{F7B8C86F-1B47-4552-A7BC-2DFE4C46018C}.Debug|x86.Build.0 = Debug|Any CPU
		{F7B8C86F-1B47-4552-A7BC-2DFE4C46018C}.DebugMac|Any CPU.ActiveCfg = Debug|Any CPU
		{F7B8C86F-1B47-4552-A7BC-2DFE4C46018C}.DebugMac|Any CPU.Build.0 = Debug|Any CPU
		{F7B8C86F-1B47-4552-A7BC-2DFE4C46018C}.Release|Any CPU.ActiveCfg = Release|Any CPU
		{F7B8C86F-1B47-4552-A7BC-2DFE4C46018C}.Release|Any CPU.Build.0 = Release|Any CPU
		{F7B8C86F-1B47-4552-A7BC-2DFE4C46018C}.Release|Mixed Platforms.ActiveCfg = Release|Any CPU
		{F7B8C86F-1B47-4552-A7BC-2DFE4C46018C}.Release|Mixed Platforms.Build.0 = Release|Any CPU
		{F7B8C86F-1B47-4552-A7BC-2DFE4C46018C}.Release|x86.ActiveCfg = Release|Any CPU
		{F7B8C86F-1B47-4552-A7BC-2DFE4C46018C}.Release|x86.Build.0 = Release|Any CPU
		{F7B8C86F-1B47-4552-A7BC-2DFE4C46018C}.ReleaseMac|Any CPU.ActiveCfg = Debug|Any CPU
		{F7B8C86F-1B47-4552-A7BC-2DFE4C46018C}.ReleaseMac|Any CPU.Build.0 = Debug|Any CPU
		{FEBB5203-A2F1-49AD-B045-F077D372DFDD}.Debug|Any CPU.ActiveCfg = Debug|Any CPU
		{FEBB5203-A2F1-49AD-B045-F077D372DFDD}.Debug|Any CPU.Build.0 = Debug|Any CPU
		{FEBB5203-A2F1-49AD-B045-F077D372DFDD}.Debug|Mixed Platforms.ActiveCfg = Debug|Any CPU
		{FEBB5203-A2F1-49AD-B045-F077D372DFDD}.Debug|Mixed Platforms.Build.0 = Debug|Any CPU
		{FEBB5203-A2F1-49AD-B045-F077D372DFDD}.Debug|x86.ActiveCfg = Debug|Any CPU
		{FEBB5203-A2F1-49AD-B045-F077D372DFDD}.Debug|x86.Build.0 = Debug|Any CPU
		{FEBB5203-A2F1-49AD-B045-F077D372DFDD}.DebugMac|Any CPU.ActiveCfg = Debug|Any CPU
		{FEBB5203-A2F1-49AD-B045-F077D372DFDD}.DebugMac|Any CPU.Build.0 = Debug|Any CPU
		{FEBB5203-A2F1-49AD-B045-F077D372DFDD}.Release|Any CPU.ActiveCfg = Release|Any CPU
		{FEBB5203-A2F1-49AD-B045-F077D372DFDD}.Release|Any CPU.Build.0 = Release|Any CPU
		{FEBB5203-A2F1-49AD-B045-F077D372DFDD}.Release|Mixed Platforms.ActiveCfg = Release|Any CPU
		{FEBB5203-A2F1-49AD-B045-F077D372DFDD}.Release|Mixed Platforms.Build.0 = Release|Any CPU
		{FEBB5203-A2F1-49AD-B045-F077D372DFDD}.Release|x86.ActiveCfg = Release|Any CPU
		{FEBB5203-A2F1-49AD-B045-F077D372DFDD}.Release|x86.Build.0 = Release|Any CPU
		{FEBB5203-A2F1-49AD-B045-F077D372DFDD}.ReleaseMac|Any CPU.ActiveCfg = Debug|Any CPU
		{FEBB5203-A2F1-49AD-B045-F077D372DFDD}.ReleaseMac|Any CPU.Build.0 = Debug|Any CPU
	EndGlobalSection
	GlobalSection(MonoDevelopProperties) = preSolution
		StartupItem = SharpFlame.Gui.Gtk\SharpFlame.Gui.Gtk.csproj
		Policies = $0
		$0.TextStylePolicy = $1
		$1.FileWidth = 120
		$1.TabsToSpaces = False
		$1.inheritsSet = VisualStudio
		$1.inheritsScope = text/plain
		$0.TextStylePolicy = $2
		$2.inheritsSet = null
		$2.scope = text/x-csharp
		$0.CSharpFormattingPolicy = $3
		$3.AnonymousMethodBraceStyle = NextLine
		$3.PropertyBraceStyle = NextLine
		$3.StatementBraceStyle = NextLine
		$3.BeforeMethodDeclarationParentheses = False
		$3.BeforeMethodCallParentheses = False
		$3.BeforeConstructorDeclarationParentheses = False
		$3.BeforeDelegateDeclarationParentheses = False
		$3.AfterDelegateDeclarationParameterComma = True
		$3.NewParentheses = False
		$3.IfParentheses = False
		$3.WhileParentheses = False
		$3.ForParentheses = False
		$3.ForeachParentheses = False
		$3.CatchParentheses = False
		$3.SwitchParentheses = False
		$3.LockParentheses = False
		$3.UsingParentheses = False
		$3.SpacesBeforeBrackets = False
		$3.inheritsSet = Mono
		$3.inheritsScope = text/x-csharp
		$3.scope = text/x-csharp
		$0.TextStylePolicy = $4
		$4.EolMarker = Windows
		$4.inheritsSet = VisualStudio
		$4.inheritsScope = text/plain
		$4.scope = text/plain
		$0.StandardHeader = $5
		$5.Text = @#region License\n// /*\n// The MIT License (MIT)\n//\n// Copyright (c) 2013-2014 The SharpFlame Authors.\n//\n// Permission is hereby granted, free of charge, to any person obtaining a copy\n// of this software and associated documentation files (the "Software"), to deal\n// in the Software without restriction, including without limitation the rights\n// to use, copy, modify, merge, publish, distribute, sublicense, and/or sell\n// copies of the Software, and to permit persons to whom the Software is\n// furnished to do so, subject to the following conditions:\n//\n// The above copyright notice and this permission notice shall be included in\n// all copies or substantial portions of the Software.\n//\n// THE SOFTWARE IS PROVIDED "AS IS", WITHOUT WARRANTY OF ANY KIND, EXPRESS OR\n// IMPLIED, INCLUDING BUT NOT LIMITED TO THE WARRANTIES OF MERCHANTABILITY,\n// FITNESS FOR A PARTICULAR PURPOSE AND NONINFRINGEMENT. IN NO EVENT SHALL THE\n// AUTHORS OR COPYRIGHT HOLDERS BE LIABLE FOR ANY CLAIM, DAMAGES OR OTHER\n// LIABILITY, WHETHER IN AN ACTION OF CONTRACT, TORT OR OTHERWISE, ARISING FROM,\n// OUT OF OR IN CONNECTION WITH THE SOFTWARE OR THE USE OR OTHER DEALINGS IN\n// THE SOFTWARE.\n// */\n#endregion\n
		$5.IncludeInNewFiles = True
		version = 0.24
	EndGlobalSection
	GlobalSection(SolutionProperties) = preSolution
		HideSolutionNode = FALSE
	EndGlobalSection
EndGlobal
