
Microsoft Visual Studio Solution File, Format Version 12.00
# Visual Studio 2013
VisualStudioVersion = 12.0.31101.0
MinimumVisualStudioVersion = 10.0.40219.1
Project("{FAE04EC0-301F-11D3-BF4B-00C04F79EFBC}") = "SharpFlame.Core", "SharpFlame.Core\SharpFlame.Core.csproj", "{8AE7F7A3-841A-44A7-B016-4661BBBF7821}"
EndProject
Project("{FAE04EC0-301F-11D3-BF4B-00C04F79EFBC}") = "SharpFlame.Tests", "SharpFlame.Tests\SharpFlame.Tests.csproj", "{7FFE9034-AE5C-413C-A430-3C3C769E9954}"
EndProject
Project("{FAE04EC0-301F-11D3-BF4B-00C04F79EFBC}") = "SharpFlame.Tests.Gui", "SharpFlame.Tests.Gui\SharpFlame.Tests.Gui.csproj", "{5FDA3465-03C0-493D-9E10-97E97C289FB3}"
EndProject
Project("{FAE04EC0-301F-11D3-BF4B-00C04F79EFBC}") = "SharpFlame.Gui.Windows", "SharpFlame.Gui.Windows\SharpFlame.Gui.Windows.csproj", "{F7B8C86F-1B47-4552-A7BC-2DFE4C46018C}"
EndProject
Project("{FAE04EC0-301F-11D3-BF4B-00C04F79EFBC}") = "SharpFlame.Gui.Mac", "SharpFlame.Gui.Mac\SharpFlame.Gui.Mac.csproj", "{FA52AEF0-A10F-4EB4-B19A-863A2D8B4563}"
EndProject
Project("{2150E333-8FDC-42A3-9474-1A3956D46DE8}") = "Solution Items", "Solution Items", "{F474964B-4E62-486D-B022-E184948798F8}"
	ProjectSection(SolutionItems) = preProject
		default.build = default.build
		nant.bat = nant.bat
		nant.sh = nant.sh
	EndProjectSection
EndProject
Project("{FAE04EC0-301F-11D3-BF4B-00C04F79EFBC}") = "SharpFlame.Gui.Linux", "SharpFlame.Gui.Linux\SharpFlame.Gui.Linux.csproj", "{FEBB5203-A2F1-49AD-B045-F077D372DFDD}"
EndProject
Project("{FAE04EC0-301F-11D3-BF4B-00C04F79EFBC}") = "Eto.Gl", "Eto.Gl\Eto.Gl.csproj", "{510CE98D-2169-48A0-889C-E743417EE5E1}"
EndProject
Project("{FAE04EC0-301F-11D3-BF4B-00C04F79EFBC}") = "Eto.Gl.Gtk", "Eto.Gl.Gtk\Eto.Gl.Gtk.csproj", "{06F7AC59-0E70-4646-BBFA-C105D9664FD0}"
EndProject
Project("{FAE04EC0-301F-11D3-BF4B-00C04F79EFBC}") = "Eto.Gl.Windows", "Eto.Gl.Windows\Eto.Gl.Windows.csproj", "{A0DCCC13-936C-4D5A-AD8C-ADFF75816A8F}"
EndProject
Project("{FAE04EC0-301F-11D3-BF4B-00C04F79EFBC}") = "SharpFlame", "SharpFlame\SharpFlame.csproj", "{152475A4-3ABE-41C4-B338-A2FB7B350FAF}"
EndProject
Project("{FAE04EC0-301F-11D3-BF4B-00C04F79EFBC}") = "Eto.Gl.Mac", "Eto.Gl.Mac\Eto.Gl.Mac.csproj", "{C6D7920E-3FB5-4DAD-80F1-2B76158D493F}"
EndProject
Global
	GlobalSection(SolutionConfigurationPlatforms) = preSolution
		AppStore|Any CPU = AppStore|Any CPU
		AppStore|Mixed Platforms = AppStore|Mixed Platforms
		AppStore|osx = AppStore|osx
		AppStore|x86 = AppStore|x86
		Debug|Any CPU = Debug|Any CPU
		Debug|Mixed Platforms = Debug|Mixed Platforms
		Debug|osx = Debug|osx
		Debug|x86 = Debug|x86
		DebugMac|Any CPU = DebugMac|Any CPU
		DebugMac|Mixed Platforms = DebugMac|Mixed Platforms
		DebugMac|osx = DebugMac|osx
		DebugMac|x86 = DebugMac|x86
		Release|Any CPU = Release|Any CPU
		Release|Mixed Platforms = Release|Mixed Platforms
		Release|osx = Release|osx
		Release|x86 = Release|x86
		ReleaseMac|Any CPU = ReleaseMac|Any CPU
		ReleaseMac|Mixed Platforms = ReleaseMac|Mixed Platforms
		ReleaseMac|osx = ReleaseMac|osx
		ReleaseMac|x86 = ReleaseMac|x86
	EndGlobalSection
	GlobalSection(ProjectConfigurationPlatforms) = postSolution
		{8AE7F7A3-841A-44A7-B016-4661BBBF7821}.AppStore|Any CPU.ActiveCfg = Release|Any CPU
		{8AE7F7A3-841A-44A7-B016-4661BBBF7821}.AppStore|Any CPU.Build.0 = Release|Any CPU
		{8AE7F7A3-841A-44A7-B016-4661BBBF7821}.AppStore|Mixed Platforms.ActiveCfg = Release|Any CPU
		{8AE7F7A3-841A-44A7-B016-4661BBBF7821}.AppStore|Mixed Platforms.Build.0 = Release|Any CPU
		{8AE7F7A3-841A-44A7-B016-4661BBBF7821}.AppStore|osx.ActiveCfg = Release|Any CPU
		{8AE7F7A3-841A-44A7-B016-4661BBBF7821}.AppStore|x86.ActiveCfg = Release|Any CPU
		{8AE7F7A3-841A-44A7-B016-4661BBBF7821}.Debug|Any CPU.ActiveCfg = Debug|Any CPU
		{8AE7F7A3-841A-44A7-B016-4661BBBF7821}.Debug|Any CPU.Build.0 = Debug|Any CPU
		{8AE7F7A3-841A-44A7-B016-4661BBBF7821}.Debug|Mixed Platforms.ActiveCfg = Debug|Any CPU
		{8AE7F7A3-841A-44A7-B016-4661BBBF7821}.Debug|Mixed Platforms.Build.0 = Debug|Any CPU
		{8AE7F7A3-841A-44A7-B016-4661BBBF7821}.Debug|osx.ActiveCfg = Debug|Any CPU
		{8AE7F7A3-841A-44A7-B016-4661BBBF7821}.Debug|osx.Build.0 = Debug|Any CPU
		{8AE7F7A3-841A-44A7-B016-4661BBBF7821}.Debug|x86.ActiveCfg = Debug|Any CPU
		{8AE7F7A3-841A-44A7-B016-4661BBBF7821}.DebugMac|Any CPU.ActiveCfg = DebugMac|Any CPU
		{8AE7F7A3-841A-44A7-B016-4661BBBF7821}.DebugMac|Any CPU.Build.0 = DebugMac|Any CPU
		{8AE7F7A3-841A-44A7-B016-4661BBBF7821}.DebugMac|Mixed Platforms.ActiveCfg = DebugMac|Any CPU
		{8AE7F7A3-841A-44A7-B016-4661BBBF7821}.DebugMac|Mixed Platforms.Build.0 = DebugMac|Any CPU
		{8AE7F7A3-841A-44A7-B016-4661BBBF7821}.DebugMac|osx.ActiveCfg = DebugMac|Any CPU
		{8AE7F7A3-841A-44A7-B016-4661BBBF7821}.DebugMac|x86.ActiveCfg = DebugMac|Any CPU
		{8AE7F7A3-841A-44A7-B016-4661BBBF7821}.Release|Any CPU.ActiveCfg = Release|Any CPU
		{8AE7F7A3-841A-44A7-B016-4661BBBF7821}.Release|Any CPU.Build.0 = Release|Any CPU
		{8AE7F7A3-841A-44A7-B016-4661BBBF7821}.Release|Mixed Platforms.ActiveCfg = Release|Any CPU
		{8AE7F7A3-841A-44A7-B016-4661BBBF7821}.Release|Mixed Platforms.Build.0 = Release|Any CPU
		{8AE7F7A3-841A-44A7-B016-4661BBBF7821}.Release|osx.ActiveCfg = Release|Any CPU
		{8AE7F7A3-841A-44A7-B016-4661BBBF7821}.Release|osx.Build.0 = Release|Any CPU
		{8AE7F7A3-841A-44A7-B016-4661BBBF7821}.Release|x86.ActiveCfg = Release|Any CPU
		{8AE7F7A3-841A-44A7-B016-4661BBBF7821}.ReleaseMac|Any CPU.ActiveCfg = ReleaseMac|Any CPU
		{8AE7F7A3-841A-44A7-B016-4661BBBF7821}.ReleaseMac|Any CPU.Build.0 = ReleaseMac|Any CPU
		{8AE7F7A3-841A-44A7-B016-4661BBBF7821}.ReleaseMac|Mixed Platforms.ActiveCfg = ReleaseMac|Any CPU
		{8AE7F7A3-841A-44A7-B016-4661BBBF7821}.ReleaseMac|Mixed Platforms.Build.0 = ReleaseMac|Any CPU
		{8AE7F7A3-841A-44A7-B016-4661BBBF7821}.ReleaseMac|osx.ActiveCfg = ReleaseMac|Any CPU
		{8AE7F7A3-841A-44A7-B016-4661BBBF7821}.ReleaseMac|x86.ActiveCfg = ReleaseMac|Any CPU
		{7FFE9034-AE5C-413C-A430-3C3C769E9954}.AppStore|Any CPU.ActiveCfg = Release|Any CPU
		{7FFE9034-AE5C-413C-A430-3C3C769E9954}.AppStore|Any CPU.Build.0 = Release|Any CPU
		{7FFE9034-AE5C-413C-A430-3C3C769E9954}.AppStore|Mixed Platforms.ActiveCfg = Release|Any CPU
		{7FFE9034-AE5C-413C-A430-3C3C769E9954}.AppStore|Mixed Platforms.Build.0 = Release|Any CPU
		{7FFE9034-AE5C-413C-A430-3C3C769E9954}.AppStore|osx.ActiveCfg = Release|Any CPU
		{7FFE9034-AE5C-413C-A430-3C3C769E9954}.AppStore|x86.ActiveCfg = Release|Any CPU
		{7FFE9034-AE5C-413C-A430-3C3C769E9954}.Debug|Any CPU.ActiveCfg = Debug|Any CPU
		{7FFE9034-AE5C-413C-A430-3C3C769E9954}.Debug|Any CPU.Build.0 = Debug|Any CPU
		{7FFE9034-AE5C-413C-A430-3C3C769E9954}.Debug|Mixed Platforms.ActiveCfg = Debug|Any CPU
		{7FFE9034-AE5C-413C-A430-3C3C769E9954}.Debug|Mixed Platforms.Build.0 = Debug|Any CPU
		{7FFE9034-AE5C-413C-A430-3C3C769E9954}.Debug|osx.ActiveCfg = Debug|Any CPU
		{7FFE9034-AE5C-413C-A430-3C3C769E9954}.Debug|x86.ActiveCfg = Debug|Any CPU
		{7FFE9034-AE5C-413C-A430-3C3C769E9954}.DebugMac|Any CPU.ActiveCfg = DebugMac|Any CPU
		{7FFE9034-AE5C-413C-A430-3C3C769E9954}.DebugMac|Any CPU.Build.0 = DebugMac|Any CPU
		{7FFE9034-AE5C-413C-A430-3C3C769E9954}.DebugMac|Mixed Platforms.ActiveCfg = DebugMac|Any CPU
		{7FFE9034-AE5C-413C-A430-3C3C769E9954}.DebugMac|Mixed Platforms.Build.0 = DebugMac|Any CPU
		{7FFE9034-AE5C-413C-A430-3C3C769E9954}.DebugMac|osx.ActiveCfg = DebugMac|Any CPU
		{7FFE9034-AE5C-413C-A430-3C3C769E9954}.DebugMac|x86.ActiveCfg = DebugMac|Any CPU
		{7FFE9034-AE5C-413C-A430-3C3C769E9954}.Release|Any CPU.ActiveCfg = Release|Any CPU
		{7FFE9034-AE5C-413C-A430-3C3C769E9954}.Release|Any CPU.Build.0 = Release|Any CPU
		{7FFE9034-AE5C-413C-A430-3C3C769E9954}.Release|Mixed Platforms.ActiveCfg = Release|Any CPU
		{7FFE9034-AE5C-413C-A430-3C3C769E9954}.Release|Mixed Platforms.Build.0 = Release|Any CPU
		{7FFE9034-AE5C-413C-A430-3C3C769E9954}.Release|osx.ActiveCfg = Release|Any CPU
		{7FFE9034-AE5C-413C-A430-3C3C769E9954}.Release|osx.Build.0 = Release|Any CPU
		{7FFE9034-AE5C-413C-A430-3C3C769E9954}.Release|x86.ActiveCfg = Release|Any CPU
		{7FFE9034-AE5C-413C-A430-3C3C769E9954}.ReleaseMac|Any CPU.ActiveCfg = ReleaseMac|Any CPU
		{7FFE9034-AE5C-413C-A430-3C3C769E9954}.ReleaseMac|Any CPU.Build.0 = ReleaseMac|Any CPU
		{7FFE9034-AE5C-413C-A430-3C3C769E9954}.ReleaseMac|Mixed Platforms.ActiveCfg = ReleaseMac|Any CPU
		{7FFE9034-AE5C-413C-A430-3C3C769E9954}.ReleaseMac|Mixed Platforms.Build.0 = ReleaseMac|Any CPU
		{7FFE9034-AE5C-413C-A430-3C3C769E9954}.ReleaseMac|osx.ActiveCfg = ReleaseMac|Any CPU
		{7FFE9034-AE5C-413C-A430-3C3C769E9954}.ReleaseMac|x86.ActiveCfg = ReleaseMac|Any CPU
		{5FDA3465-03C0-493D-9E10-97E97C289FB3}.AppStore|Any CPU.ActiveCfg = Release|Any CPU
		{5FDA3465-03C0-493D-9E10-97E97C289FB3}.AppStore|Any CPU.Build.0 = Release|Any CPU
		{5FDA3465-03C0-493D-9E10-97E97C289FB3}.AppStore|Mixed Platforms.ActiveCfg = Release|Any CPU
		{5FDA3465-03C0-493D-9E10-97E97C289FB3}.AppStore|Mixed Platforms.Build.0 = Release|Any CPU
		{5FDA3465-03C0-493D-9E10-97E97C289FB3}.AppStore|osx.ActiveCfg = Release|Any CPU
		{5FDA3465-03C0-493D-9E10-97E97C289FB3}.AppStore|x86.ActiveCfg = Release|Any CPU
		{5FDA3465-03C0-493D-9E10-97E97C289FB3}.Debug|Any CPU.ActiveCfg = Debug|Any CPU
		{5FDA3465-03C0-493D-9E10-97E97C289FB3}.Debug|Any CPU.Build.0 = Debug|Any CPU
		{5FDA3465-03C0-493D-9E10-97E97C289FB3}.Debug|Mixed Platforms.ActiveCfg = Debug|Any CPU
		{5FDA3465-03C0-493D-9E10-97E97C289FB3}.Debug|Mixed Platforms.Build.0 = Debug|Any CPU
		{5FDA3465-03C0-493D-9E10-97E97C289FB3}.Debug|osx.ActiveCfg = Debug|Any CPU
		{5FDA3465-03C0-493D-9E10-97E97C289FB3}.Debug|x86.ActiveCfg = Debug|Any CPU
		{5FDA3465-03C0-493D-9E10-97E97C289FB3}.DebugMac|Any CPU.ActiveCfg = Debug|Any CPU
		{5FDA3465-03C0-493D-9E10-97E97C289FB3}.DebugMac|Any CPU.Build.0 = Debug|Any CPU
		{5FDA3465-03C0-493D-9E10-97E97C289FB3}.DebugMac|Mixed Platforms.ActiveCfg = Debug|Any CPU
		{5FDA3465-03C0-493D-9E10-97E97C289FB3}.DebugMac|Mixed Platforms.Build.0 = Debug|Any CPU
		{5FDA3465-03C0-493D-9E10-97E97C289FB3}.DebugMac|osx.ActiveCfg = Debug|Any CPU
		{5FDA3465-03C0-493D-9E10-97E97C289FB3}.DebugMac|x86.ActiveCfg = Debug|Any CPU
		{5FDA3465-03C0-493D-9E10-97E97C289FB3}.Release|Any CPU.ActiveCfg = Release|Any CPU
		{5FDA3465-03C0-493D-9E10-97E97C289FB3}.Release|Any CPU.Build.0 = Release|Any CPU
		{5FDA3465-03C0-493D-9E10-97E97C289FB3}.Release|Mixed Platforms.ActiveCfg = Release|Any CPU
		{5FDA3465-03C0-493D-9E10-97E97C289FB3}.Release|Mixed Platforms.Build.0 = Release|Any CPU
		{5FDA3465-03C0-493D-9E10-97E97C289FB3}.Release|osx.ActiveCfg = Release|Any CPU
		{5FDA3465-03C0-493D-9E10-97E97C289FB3}.Release|osx.Build.0 = Release|Any CPU
		{5FDA3465-03C0-493D-9E10-97E97C289FB3}.Release|x86.ActiveCfg = Release|Any CPU
		{5FDA3465-03C0-493D-9E10-97E97C289FB3}.ReleaseMac|Any CPU.ActiveCfg = Release|Any CPU
		{5FDA3465-03C0-493D-9E10-97E97C289FB3}.ReleaseMac|Any CPU.Build.0 = Release|Any CPU
		{5FDA3465-03C0-493D-9E10-97E97C289FB3}.ReleaseMac|Mixed Platforms.ActiveCfg = Release|Any CPU
		{5FDA3465-03C0-493D-9E10-97E97C289FB3}.ReleaseMac|Mixed Platforms.Build.0 = Release|Any CPU
		{5FDA3465-03C0-493D-9E10-97E97C289FB3}.ReleaseMac|osx.ActiveCfg = Release|Any CPU
		{5FDA3465-03C0-493D-9E10-97E97C289FB3}.ReleaseMac|x86.ActiveCfg = Release|Any CPU
		{F7B8C86F-1B47-4552-A7BC-2DFE4C46018C}.AppStore|Any CPU.ActiveCfg = Release|Any CPU
		{F7B8C86F-1B47-4552-A7BC-2DFE4C46018C}.AppStore|Any CPU.Build.0 = Release|Any CPU
		{F7B8C86F-1B47-4552-A7BC-2DFE4C46018C}.AppStore|Mixed Platforms.ActiveCfg = Release|Any CPU
		{F7B8C86F-1B47-4552-A7BC-2DFE4C46018C}.AppStore|Mixed Platforms.Build.0 = Release|Any CPU
		{F7B8C86F-1B47-4552-A7BC-2DFE4C46018C}.AppStore|osx.ActiveCfg = Release|Any CPU
		{F7B8C86F-1B47-4552-A7BC-2DFE4C46018C}.AppStore|x86.ActiveCfg = Release|Any CPU
		{F7B8C86F-1B47-4552-A7BC-2DFE4C46018C}.Debug|Any CPU.ActiveCfg = Debug|Any CPU
		{F7B8C86F-1B47-4552-A7BC-2DFE4C46018C}.Debug|Any CPU.Build.0 = Debug|Any CPU
		{F7B8C86F-1B47-4552-A7BC-2DFE4C46018C}.Debug|Mixed Platforms.ActiveCfg = Debug|Any CPU
		{F7B8C86F-1B47-4552-A7BC-2DFE4C46018C}.Debug|Mixed Platforms.Build.0 = Debug|Any CPU
		{F7B8C86F-1B47-4552-A7BC-2DFE4C46018C}.Debug|osx.ActiveCfg = Debug|Any CPU
		{F7B8C86F-1B47-4552-A7BC-2DFE4C46018C}.Debug|x86.ActiveCfg = Debug|Any CPU
		{F7B8C86F-1B47-4552-A7BC-2DFE4C46018C}.DebugMac|Any CPU.ActiveCfg = Debug|Any CPU
		{F7B8C86F-1B47-4552-A7BC-2DFE4C46018C}.DebugMac|Any CPU.Build.0 = Debug|Any CPU
		{F7B8C86F-1B47-4552-A7BC-2DFE4C46018C}.DebugMac|Mixed Platforms.ActiveCfg = Debug|Any CPU
		{F7B8C86F-1B47-4552-A7BC-2DFE4C46018C}.DebugMac|Mixed Platforms.Build.0 = Debug|Any CPU
		{F7B8C86F-1B47-4552-A7BC-2DFE4C46018C}.DebugMac|osx.ActiveCfg = Debug|Any CPU
		{F7B8C86F-1B47-4552-A7BC-2DFE4C46018C}.DebugMac|x86.ActiveCfg = Debug|Any CPU
		{F7B8C86F-1B47-4552-A7BC-2DFE4C46018C}.Release|Any CPU.ActiveCfg = Release|Any CPU
		{F7B8C86F-1B47-4552-A7BC-2DFE4C46018C}.Release|Any CPU.Build.0 = Release|Any CPU
		{F7B8C86F-1B47-4552-A7BC-2DFE4C46018C}.Release|Mixed Platforms.ActiveCfg = Release|Any CPU
		{F7B8C86F-1B47-4552-A7BC-2DFE4C46018C}.Release|Mixed Platforms.Build.0 = Release|Any CPU
		{F7B8C86F-1B47-4552-A7BC-2DFE4C46018C}.Release|osx.ActiveCfg = Release|Any CPU
		{F7B8C86F-1B47-4552-A7BC-2DFE4C46018C}.Release|osx.Build.0 = Release|Any CPU
		{F7B8C86F-1B47-4552-A7BC-2DFE4C46018C}.Release|x86.ActiveCfg = Release|Any CPU
		{F7B8C86F-1B47-4552-A7BC-2DFE4C46018C}.ReleaseMac|Any CPU.ActiveCfg = Release|Any CPU
		{F7B8C86F-1B47-4552-A7BC-2DFE4C46018C}.ReleaseMac|Any CPU.Build.0 = Release|Any CPU
		{F7B8C86F-1B47-4552-A7BC-2DFE4C46018C}.ReleaseMac|Mixed Platforms.ActiveCfg = Release|Any CPU
		{F7B8C86F-1B47-4552-A7BC-2DFE4C46018C}.ReleaseMac|Mixed Platforms.Build.0 = Release|Any CPU
		{F7B8C86F-1B47-4552-A7BC-2DFE4C46018C}.ReleaseMac|osx.ActiveCfg = Release|Any CPU
		{F7B8C86F-1B47-4552-A7BC-2DFE4C46018C}.ReleaseMac|x86.ActiveCfg = Release|Any CPU
		{FA52AEF0-A10F-4EB4-B19A-863A2D8B4563}.AppStore|Any CPU.ActiveCfg = AppStore|Any CPU
		{FA52AEF0-A10F-4EB4-B19A-863A2D8B4563}.AppStore|Any CPU.Build.0 = AppStore|Any CPU
		{FA52AEF0-A10F-4EB4-B19A-863A2D8B4563}.AppStore|Mixed Platforms.ActiveCfg = AppStore|Any CPU
		{FA52AEF0-A10F-4EB4-B19A-863A2D8B4563}.AppStore|Mixed Platforms.Build.0 = AppStore|Any CPU
		{FA52AEF0-A10F-4EB4-B19A-863A2D8B4563}.AppStore|osx.ActiveCfg = AppStore|Any CPU
		{FA52AEF0-A10F-4EB4-B19A-863A2D8B4563}.AppStore|x86.ActiveCfg = AppStore|Any CPU
		{FA52AEF0-A10F-4EB4-B19A-863A2D8B4563}.Debug|Any CPU.ActiveCfg = Debug|Any CPU
		{FA52AEF0-A10F-4EB4-B19A-863A2D8B4563}.Debug|Any CPU.Build.0 = Debug|Any CPU
		{FA52AEF0-A10F-4EB4-B19A-863A2D8B4563}.Debug|Mixed Platforms.ActiveCfg = Debug|Any CPU
		{FA52AEF0-A10F-4EB4-B19A-863A2D8B4563}.Debug|Mixed Platforms.Build.0 = Debug|Any CPU
		{FA52AEF0-A10F-4EB4-B19A-863A2D8B4563}.Debug|osx.ActiveCfg = Debug|Any CPU
		{FA52AEF0-A10F-4EB4-B19A-863A2D8B4563}.Debug|x86.ActiveCfg = Debug|Any CPU
		{FA52AEF0-A10F-4EB4-B19A-863A2D8B4563}.DebugMac|Any CPU.ActiveCfg = Debug|Any CPU
		{FA52AEF0-A10F-4EB4-B19A-863A2D8B4563}.DebugMac|Mixed Platforms.ActiveCfg = Debug|Any CPU
		{FA52AEF0-A10F-4EB4-B19A-863A2D8B4563}.DebugMac|osx.ActiveCfg = Debug|Any CPU
		{FA52AEF0-A10F-4EB4-B19A-863A2D8B4563}.DebugMac|x86.ActiveCfg = Debug|Any CPU
		{FA52AEF0-A10F-4EB4-B19A-863A2D8B4563}.Release|Any CPU.ActiveCfg = Release|Any CPU
		{FA52AEF0-A10F-4EB4-B19A-863A2D8B4563}.Release|Any CPU.Build.0 = Release|Any CPU
		{FA52AEF0-A10F-4EB4-B19A-863A2D8B4563}.Release|Mixed Platforms.ActiveCfg = Release|Any CPU
		{FA52AEF0-A10F-4EB4-B19A-863A2D8B4563}.Release|Mixed Platforms.Build.0 = Release|Any CPU
		{FA52AEF0-A10F-4EB4-B19A-863A2D8B4563}.Release|osx.ActiveCfg = Release|Any CPU
		{FA52AEF0-A10F-4EB4-B19A-863A2D8B4563}.Release|x86.ActiveCfg = Release|Any CPU
		{FA52AEF0-A10F-4EB4-B19A-863A2D8B4563}.ReleaseMac|Any CPU.ActiveCfg = Release|Any CPU
		{FA52AEF0-A10F-4EB4-B19A-863A2D8B4563}.ReleaseMac|Mixed Platforms.ActiveCfg = Release|Any CPU
		{FA52AEF0-A10F-4EB4-B19A-863A2D8B4563}.ReleaseMac|osx.ActiveCfg = Release|Any CPU
		{FA52AEF0-A10F-4EB4-B19A-863A2D8B4563}.ReleaseMac|x86.ActiveCfg = Release|Any CPU
		{FEBB5203-A2F1-49AD-B045-F077D372DFDD}.AppStore|Any CPU.ActiveCfg = Release|Any CPU
		{FEBB5203-A2F1-49AD-B045-F077D372DFDD}.AppStore|Any CPU.Build.0 = Release|Any CPU
		{FEBB5203-A2F1-49AD-B045-F077D372DFDD}.AppStore|Mixed Platforms.ActiveCfg = Release|Any CPU
		{FEBB5203-A2F1-49AD-B045-F077D372DFDD}.AppStore|Mixed Platforms.Build.0 = Release|Any CPU
		{FEBB5203-A2F1-49AD-B045-F077D372DFDD}.AppStore|osx.ActiveCfg = Release|Any CPU
		{FEBB5203-A2F1-49AD-B045-F077D372DFDD}.AppStore|x86.ActiveCfg = Release|Any CPU
		{FEBB5203-A2F1-49AD-B045-F077D372DFDD}.Debug|Any CPU.ActiveCfg = Debug|Any CPU
		{FEBB5203-A2F1-49AD-B045-F077D372DFDD}.Debug|Any CPU.Build.0 = Debug|Any CPU
		{FEBB5203-A2F1-49AD-B045-F077D372DFDD}.Debug|Mixed Platforms.ActiveCfg = Debug|Any CPU
		{FEBB5203-A2F1-49AD-B045-F077D372DFDD}.Debug|Mixed Platforms.Build.0 = Debug|Any CPU
		{FEBB5203-A2F1-49AD-B045-F077D372DFDD}.Debug|osx.ActiveCfg = Debug|Any CPU
		{FEBB5203-A2F1-49AD-B045-F077D372DFDD}.Debug|x86.ActiveCfg = Debug|Any CPU
		{FEBB5203-A2F1-49AD-B045-F077D372DFDD}.DebugMac|Any CPU.ActiveCfg = Debug|Any CPU
		{FEBB5203-A2F1-49AD-B045-F077D372DFDD}.DebugMac|Any CPU.Build.0 = Debug|Any CPU
		{FEBB5203-A2F1-49AD-B045-F077D372DFDD}.DebugMac|Mixed Platforms.ActiveCfg = Debug|Any CPU
		{FEBB5203-A2F1-49AD-B045-F077D372DFDD}.DebugMac|Mixed Platforms.Build.0 = Debug|Any CPU
		{FEBB5203-A2F1-49AD-B045-F077D372DFDD}.DebugMac|osx.ActiveCfg = Debug|Any CPU
		{FEBB5203-A2F1-49AD-B045-F077D372DFDD}.DebugMac|x86.ActiveCfg = Debug|Any CPU
		{FEBB5203-A2F1-49AD-B045-F077D372DFDD}.Release|Any CPU.ActiveCfg = Release|Any CPU
		{FEBB5203-A2F1-49AD-B045-F077D372DFDD}.Release|Any CPU.Build.0 = Release|Any CPU
		{FEBB5203-A2F1-49AD-B045-F077D372DFDD}.Release|Mixed Platforms.ActiveCfg = Release|Any CPU
		{FEBB5203-A2F1-49AD-B045-F077D372DFDD}.Release|Mixed Platforms.Build.0 = Release|Any CPU
		{FEBB5203-A2F1-49AD-B045-F077D372DFDD}.Release|osx.ActiveCfg = Release|Any CPU
		{FEBB5203-A2F1-49AD-B045-F077D372DFDD}.Release|x86.ActiveCfg = Release|Any CPU
		{FEBB5203-A2F1-49AD-B045-F077D372DFDD}.ReleaseMac|Any CPU.ActiveCfg = Release|Any CPU
		{FEBB5203-A2F1-49AD-B045-F077D372DFDD}.ReleaseMac|Any CPU.Build.0 = Release|Any CPU
		{FEBB5203-A2F1-49AD-B045-F077D372DFDD}.ReleaseMac|Mixed Platforms.ActiveCfg = Release|Any CPU
		{FEBB5203-A2F1-49AD-B045-F077D372DFDD}.ReleaseMac|Mixed Platforms.Build.0 = Release|Any CPU
		{FEBB5203-A2F1-49AD-B045-F077D372DFDD}.ReleaseMac|osx.ActiveCfg = Release|Any CPU
		{FEBB5203-A2F1-49AD-B045-F077D372DFDD}.ReleaseMac|x86.ActiveCfg = Release|Any CPU
		{510CE98D-2169-48A0-889C-E743417EE5E1}.AppStore|Any CPU.ActiveCfg = Release|Any CPU
		{510CE98D-2169-48A0-889C-E743417EE5E1}.AppStore|Any CPU.Build.0 = Release|Any CPU
		{510CE98D-2169-48A0-889C-E743417EE5E1}.AppStore|Mixed Platforms.ActiveCfg = Release|Any CPU
		{510CE98D-2169-48A0-889C-E743417EE5E1}.AppStore|Mixed Platforms.Build.0 = Release|Any CPU
		{510CE98D-2169-48A0-889C-E743417EE5E1}.AppStore|osx.ActiveCfg = Release|Any CPU
		{510CE98D-2169-48A0-889C-E743417EE5E1}.AppStore|x86.ActiveCfg = Release|Any CPU
		{510CE98D-2169-48A0-889C-E743417EE5E1}.Debug|Any CPU.ActiveCfg = Debug|Any CPU
		{510CE98D-2169-48A0-889C-E743417EE5E1}.Debug|Any CPU.Build.0 = Debug|Any CPU
		{510CE98D-2169-48A0-889C-E743417EE5E1}.Debug|Mixed Platforms.ActiveCfg = Debug|Any CPU
		{510CE98D-2169-48A0-889C-E743417EE5E1}.Debug|Mixed Platforms.Build.0 = Debug|Any CPU
		{510CE98D-2169-48A0-889C-E743417EE5E1}.Debug|osx.ActiveCfg = Debug|Any CPU
		{510CE98D-2169-48A0-889C-E743417EE5E1}.Debug|x86.ActiveCfg = Debug|Any CPU
		{510CE98D-2169-48A0-889C-E743417EE5E1}.DebugMac|Any CPU.ActiveCfg = Debug|Any CPU
		{510CE98D-2169-48A0-889C-E743417EE5E1}.DebugMac|Any CPU.Build.0 = Debug|Any CPU
		{510CE98D-2169-48A0-889C-E743417EE5E1}.DebugMac|Mixed Platforms.ActiveCfg = Debug|Any CPU
		{510CE98D-2169-48A0-889C-E743417EE5E1}.DebugMac|Mixed Platforms.Build.0 = Debug|Any CPU
		{510CE98D-2169-48A0-889C-E743417EE5E1}.DebugMac|osx.ActiveCfg = Debug|Any CPU
		{510CE98D-2169-48A0-889C-E743417EE5E1}.DebugMac|x86.ActiveCfg = Debug|Any CPU
		{510CE98D-2169-48A0-889C-E743417EE5E1}.Release|Any CPU.ActiveCfg = Release|Any CPU
		{510CE98D-2169-48A0-889C-E743417EE5E1}.Release|Any CPU.Build.0 = Release|Any CPU
		{510CE98D-2169-48A0-889C-E743417EE5E1}.Release|Mixed Platforms.ActiveCfg = Release|Any CPU
		{510CE98D-2169-48A0-889C-E743417EE5E1}.Release|Mixed Platforms.Build.0 = Release|Any CPU
		{510CE98D-2169-48A0-889C-E743417EE5E1}.Release|osx.ActiveCfg = Release|Any CPU
		{510CE98D-2169-48A0-889C-E743417EE5E1}.Release|x86.ActiveCfg = Release|Any CPU
		{510CE98D-2169-48A0-889C-E743417EE5E1}.ReleaseMac|Any CPU.ActiveCfg = Release|Any CPU
		{510CE98D-2169-48A0-889C-E743417EE5E1}.ReleaseMac|Any CPU.Build.0 = Release|Any CPU
		{510CE98D-2169-48A0-889C-E743417EE5E1}.ReleaseMac|Mixed Platforms.ActiveCfg = Release|Any CPU
		{510CE98D-2169-48A0-889C-E743417EE5E1}.ReleaseMac|Mixed Platforms.Build.0 = Release|Any CPU
		{510CE98D-2169-48A0-889C-E743417EE5E1}.ReleaseMac|osx.ActiveCfg = Release|Any CPU
		{510CE98D-2169-48A0-889C-E743417EE5E1}.ReleaseMac|x86.ActiveCfg = Release|Any CPU
		{06F7AC59-0E70-4646-BBFA-C105D9664FD0}.AppStore|Any CPU.ActiveCfg = Release|Any CPU
		{06F7AC59-0E70-4646-BBFA-C105D9664FD0}.AppStore|Any CPU.Build.0 = Release|Any CPU
		{06F7AC59-0E70-4646-BBFA-C105D9664FD0}.AppStore|Mixed Platforms.ActiveCfg = Release|Any CPU
		{06F7AC59-0E70-4646-BBFA-C105D9664FD0}.AppStore|Mixed Platforms.Build.0 = Release|Any CPU
		{06F7AC59-0E70-4646-BBFA-C105D9664FD0}.AppStore|osx.ActiveCfg = Release|Any CPU
		{06F7AC59-0E70-4646-BBFA-C105D9664FD0}.AppStore|x86.ActiveCfg = Release|Any CPU
		{06F7AC59-0E70-4646-BBFA-C105D9664FD0}.Debug|Any CPU.ActiveCfg = Debug|Any CPU
		{06F7AC59-0E70-4646-BBFA-C105D9664FD0}.Debug|Any CPU.Build.0 = Debug|Any CPU
		{06F7AC59-0E70-4646-BBFA-C105D9664FD0}.Debug|Mixed Platforms.ActiveCfg = Debug|Any CPU
		{06F7AC59-0E70-4646-BBFA-C105D9664FD0}.Debug|Mixed Platforms.Build.0 = Debug|Any CPU
		{06F7AC59-0E70-4646-BBFA-C105D9664FD0}.Debug|osx.ActiveCfg = Debug|Any CPU
		{06F7AC59-0E70-4646-BBFA-C105D9664FD0}.Debug|x86.ActiveCfg = Debug|Any CPU
		{06F7AC59-0E70-4646-BBFA-C105D9664FD0}.DebugMac|Any CPU.ActiveCfg = Debug|Any CPU
		{06F7AC59-0E70-4646-BBFA-C105D9664FD0}.DebugMac|Any CPU.Build.0 = Debug|Any CPU
		{06F7AC59-0E70-4646-BBFA-C105D9664FD0}.DebugMac|Mixed Platforms.ActiveCfg = Debug|Any CPU
		{06F7AC59-0E70-4646-BBFA-C105D9664FD0}.DebugMac|Mixed Platforms.Build.0 = Debug|Any CPU
		{06F7AC59-0E70-4646-BBFA-C105D9664FD0}.DebugMac|osx.ActiveCfg = Debug|Any CPU
		{06F7AC59-0E70-4646-BBFA-C105D9664FD0}.DebugMac|x86.ActiveCfg = Debug|Any CPU
		{06F7AC59-0E70-4646-BBFA-C105D9664FD0}.Release|Any CPU.ActiveCfg = Release|Any CPU
		{06F7AC59-0E70-4646-BBFA-C105D9664FD0}.Release|Any CPU.Build.0 = Release|Any CPU
		{06F7AC59-0E70-4646-BBFA-C105D9664FD0}.Release|Mixed Platforms.ActiveCfg = Release|Any CPU
		{06F7AC59-0E70-4646-BBFA-C105D9664FD0}.Release|Mixed Platforms.Build.0 = Release|Any CPU
		{06F7AC59-0E70-4646-BBFA-C105D9664FD0}.Release|osx.ActiveCfg = Release|Any CPU
		{06F7AC59-0E70-4646-BBFA-C105D9664FD0}.Release|x86.ActiveCfg = Release|Any CPU
		{06F7AC59-0E70-4646-BBFA-C105D9664FD0}.ReleaseMac|Any CPU.ActiveCfg = Release|Any CPU
		{06F7AC59-0E70-4646-BBFA-C105D9664FD0}.ReleaseMac|Any CPU.Build.0 = Release|Any CPU
		{06F7AC59-0E70-4646-BBFA-C105D9664FD0}.ReleaseMac|Mixed Platforms.ActiveCfg = Release|Any CPU
		{06F7AC59-0E70-4646-BBFA-C105D9664FD0}.ReleaseMac|Mixed Platforms.Build.0 = Release|Any CPU
		{06F7AC59-0E70-4646-BBFA-C105D9664FD0}.ReleaseMac|osx.ActiveCfg = Release|Any CPU
		{06F7AC59-0E70-4646-BBFA-C105D9664FD0}.ReleaseMac|x86.ActiveCfg = Release|Any CPU
		{A0DCCC13-936C-4D5A-AD8C-ADFF75816A8F}.AppStore|Any CPU.ActiveCfg = Release|Any CPU
		{A0DCCC13-936C-4D5A-AD8C-ADFF75816A8F}.AppStore|Any CPU.Build.0 = Release|Any CPU
		{A0DCCC13-936C-4D5A-AD8C-ADFF75816A8F}.AppStore|Mixed Platforms.ActiveCfg = Release|Any CPU
		{A0DCCC13-936C-4D5A-AD8C-ADFF75816A8F}.AppStore|Mixed Platforms.Build.0 = Release|Any CPU
		{A0DCCC13-936C-4D5A-AD8C-ADFF75816A8F}.AppStore|osx.ActiveCfg = Release|Any CPU
		{A0DCCC13-936C-4D5A-AD8C-ADFF75816A8F}.AppStore|x86.ActiveCfg = Release|Any CPU
		{A0DCCC13-936C-4D5A-AD8C-ADFF75816A8F}.Debug|Any CPU.ActiveCfg = Debug|Any CPU
		{A0DCCC13-936C-4D5A-AD8C-ADFF75816A8F}.Debug|Any CPU.Build.0 = Debug|Any CPU
		{A0DCCC13-936C-4D5A-AD8C-ADFF75816A8F}.Debug|Mixed Platforms.ActiveCfg = Debug|Any CPU
		{A0DCCC13-936C-4D5A-AD8C-ADFF75816A8F}.Debug|Mixed Platforms.Build.0 = Debug|Any CPU
		{A0DCCC13-936C-4D5A-AD8C-ADFF75816A8F}.Debug|osx.ActiveCfg = Debug|Any CPU
		{A0DCCC13-936C-4D5A-AD8C-ADFF75816A8F}.Debug|x86.ActiveCfg = Debug|Any CPU
		{A0DCCC13-936C-4D5A-AD8C-ADFF75816A8F}.DebugMac|Any CPU.ActiveCfg = Debug|Any CPU
		{A0DCCC13-936C-4D5A-AD8C-ADFF75816A8F}.DebugMac|Any CPU.Build.0 = Debug|Any CPU
		{A0DCCC13-936C-4D5A-AD8C-ADFF75816A8F}.DebugMac|Mixed Platforms.ActiveCfg = Debug|Any CPU
		{A0DCCC13-936C-4D5A-AD8C-ADFF75816A8F}.DebugMac|Mixed Platforms.Build.0 = Debug|Any CPU
		{A0DCCC13-936C-4D5A-AD8C-ADFF75816A8F}.DebugMac|osx.ActiveCfg = Debug|Any CPU
		{A0DCCC13-936C-4D5A-AD8C-ADFF75816A8F}.DebugMac|x86.ActiveCfg = Debug|Any CPU
		{A0DCCC13-936C-4D5A-AD8C-ADFF75816A8F}.Release|Any CPU.ActiveCfg = Release|Any CPU
		{A0DCCC13-936C-4D5A-AD8C-ADFF75816A8F}.Release|Any CPU.Build.0 = Release|Any CPU
		{A0DCCC13-936C-4D5A-AD8C-ADFF75816A8F}.Release|Mixed Platforms.ActiveCfg = Release|Any CPU
		{A0DCCC13-936C-4D5A-AD8C-ADFF75816A8F}.Release|Mixed Platforms.Build.0 = Release|Any CPU
		{A0DCCC13-936C-4D5A-AD8C-ADFF75816A8F}.Release|osx.ActiveCfg = Release|Any CPU
		{A0DCCC13-936C-4D5A-AD8C-ADFF75816A8F}.Release|x86.ActiveCfg = Release|Any CPU
		{A0DCCC13-936C-4D5A-AD8C-ADFF75816A8F}.ReleaseMac|Any CPU.ActiveCfg = Release|Any CPU
		{A0DCCC13-936C-4D5A-AD8C-ADFF75816A8F}.ReleaseMac|Any CPU.Build.0 = Release|Any CPU
		{A0DCCC13-936C-4D5A-AD8C-ADFF75816A8F}.ReleaseMac|Mixed Platforms.ActiveCfg = Release|Any CPU
		{A0DCCC13-936C-4D5A-AD8C-ADFF75816A8F}.ReleaseMac|Mixed Platforms.Build.0 = Release|Any CPU
		{A0DCCC13-936C-4D5A-AD8C-ADFF75816A8F}.ReleaseMac|osx.ActiveCfg = Release|Any CPU
		{A0DCCC13-936C-4D5A-AD8C-ADFF75816A8F}.ReleaseMac|x86.ActiveCfg = Release|Any CPU
		{152475A4-3ABE-41C4-B338-A2FB7B350FAF}.AppStore|Any CPU.ActiveCfg = ReleaseMac|Any CPU
		{152475A4-3ABE-41C4-B338-A2FB7B350FAF}.AppStore|Any CPU.Build.0 = ReleaseMac|Any CPU
		{152475A4-3ABE-41C4-B338-A2FB7B350FAF}.AppStore|Mixed Platforms.ActiveCfg = ReleaseMac|x86
		{152475A4-3ABE-41C4-B338-A2FB7B350FAF}.AppStore|Mixed Platforms.Build.0 = ReleaseMac|x86
		{152475A4-3ABE-41C4-B338-A2FB7B350FAF}.AppStore|osx.ActiveCfg = ReleaseMac|Any CPU
		{152475A4-3ABE-41C4-B338-A2FB7B350FAF}.AppStore|x86.ActiveCfg = ReleaseMac|x86
		{152475A4-3ABE-41C4-B338-A2FB7B350FAF}.AppStore|x86.Build.0 = ReleaseMac|x86
		{152475A4-3ABE-41C4-B338-A2FB7B350FAF}.Debug|Any CPU.ActiveCfg = Debug|Any CPU
		{152475A4-3ABE-41C4-B338-A2FB7B350FAF}.Debug|Any CPU.Build.0 = Debug|Any CPU
		{152475A4-3ABE-41C4-B338-A2FB7B350FAF}.Debug|Mixed Platforms.ActiveCfg = Debug|x86
		{152475A4-3ABE-41C4-B338-A2FB7B350FAF}.Debug|Mixed Platforms.Build.0 = Debug|x86
		{152475A4-3ABE-41C4-B338-A2FB7B350FAF}.Debug|osx.ActiveCfg = Debug|Any CPU
		{152475A4-3ABE-41C4-B338-A2FB7B350FAF}.Debug|x86.ActiveCfg = Debug|x86
		{152475A4-3ABE-41C4-B338-A2FB7B350FAF}.Debug|x86.Build.0 = Debug|x86
		{152475A4-3ABE-41C4-B338-A2FB7B350FAF}.DebugMac|Any CPU.ActiveCfg = DebugMac|Any CPU
		{152475A4-3ABE-41C4-B338-A2FB7B350FAF}.DebugMac|Any CPU.Build.0 = DebugMac|Any CPU
		{152475A4-3ABE-41C4-B338-A2FB7B350FAF}.DebugMac|Mixed Platforms.ActiveCfg = DebugMac|x86
		{152475A4-3ABE-41C4-B338-A2FB7B350FAF}.DebugMac|Mixed Platforms.Build.0 = DebugMac|x86
		{152475A4-3ABE-41C4-B338-A2FB7B350FAF}.DebugMac|osx.ActiveCfg = DebugMac|Any CPU
		{152475A4-3ABE-41C4-B338-A2FB7B350FAF}.DebugMac|x86.ActiveCfg = DebugMac|x86
		{152475A4-3ABE-41C4-B338-A2FB7B350FAF}.DebugMac|x86.Build.0 = DebugMac|x86
		{152475A4-3ABE-41C4-B338-A2FB7B350FAF}.Release|Any CPU.ActiveCfg = Release|Any CPU
		{152475A4-3ABE-41C4-B338-A2FB7B350FAF}.Release|Any CPU.Build.0 = Release|Any CPU
		{152475A4-3ABE-41C4-B338-A2FB7B350FAF}.Release|Mixed Platforms.ActiveCfg = Release|x86
		{152475A4-3ABE-41C4-B338-A2FB7B350FAF}.Release|Mixed Platforms.Build.0 = Release|x86
		{152475A4-3ABE-41C4-B338-A2FB7B350FAF}.Release|osx.ActiveCfg = Release|Any CPU
		{152475A4-3ABE-41C4-B338-A2FB7B350FAF}.Release|x86.ActiveCfg = Release|x86
		{152475A4-3ABE-41C4-B338-A2FB7B350FAF}.Release|x86.Build.0 = Release|x86
		{152475A4-3ABE-41C4-B338-A2FB7B350FAF}.ReleaseMac|Any CPU.ActiveCfg = ReleaseMac|Any CPU
		{152475A4-3ABE-41C4-B338-A2FB7B350FAF}.ReleaseMac|Any CPU.Build.0 = ReleaseMac|Any CPU
		{152475A4-3ABE-41C4-B338-A2FB7B350FAF}.ReleaseMac|Mixed Platforms.ActiveCfg = ReleaseMac|x86
		{152475A4-3ABE-41C4-B338-A2FB7B350FAF}.ReleaseMac|Mixed Platforms.Build.0 = ReleaseMac|x86
		{152475A4-3ABE-41C4-B338-A2FB7B350FAF}.ReleaseMac|osx.ActiveCfg = ReleaseMac|Any CPU
		{152475A4-3ABE-41C4-B338-A2FB7B350FAF}.ReleaseMac|x86.ActiveCfg = ReleaseMac|x86
		{152475A4-3ABE-41C4-B338-A2FB7B350FAF}.ReleaseMac|x86.Build.0 = ReleaseMac|x86
		{C6D7920E-3FB5-4DAD-80F1-2B76158D493F}.AppStore|Any CPU.ActiveCfg = Release|Any CPU
		{C6D7920E-3FB5-4DAD-80F1-2B76158D493F}.AppStore|Any CPU.Build.0 = Release|Any CPU
		{C6D7920E-3FB5-4DAD-80F1-2B76158D493F}.AppStore|Mixed Platforms.ActiveCfg = Release|Any CPU
		{C6D7920E-3FB5-4DAD-80F1-2B76158D493F}.AppStore|Mixed Platforms.Build.0 = Release|Any CPU
		{C6D7920E-3FB5-4DAD-80F1-2B76158D493F}.AppStore|osx.ActiveCfg = Release|Any CPU
		{C6D7920E-3FB5-4DAD-80F1-2B76158D493F}.AppStore|x86.ActiveCfg = Release|Any CPU
		{C6D7920E-3FB5-4DAD-80F1-2B76158D493F}.Debug|Any CPU.ActiveCfg = Debug|Any CPU
		{C6D7920E-3FB5-4DAD-80F1-2B76158D493F}.Debug|Any CPU.Build.0 = Debug|Any CPU
		{C6D7920E-3FB5-4DAD-80F1-2B76158D493F}.Debug|Mixed Platforms.ActiveCfg = Debug|Any CPU
		{C6D7920E-3FB5-4DAD-80F1-2B76158D493F}.Debug|Mixed Platforms.Build.0 = Debug|Any CPU
		{C6D7920E-3FB5-4DAD-80F1-2B76158D493F}.Debug|osx.ActiveCfg = Debug|Any CPU
		{C6D7920E-3FB5-4DAD-80F1-2B76158D493F}.Debug|x86.ActiveCfg = Debug|Any CPU
		{C6D7920E-3FB5-4DAD-80F1-2B76158D493F}.DebugMac|Any CPU.ActiveCfg = Debug|Any CPU
		{C6D7920E-3FB5-4DAD-80F1-2B76158D493F}.DebugMac|Any CPU.Build.0 = Debug|Any CPU
		{C6D7920E-3FB5-4DAD-80F1-2B76158D493F}.DebugMac|Mixed Platforms.ActiveCfg = Debug|Any CPU
		{C6D7920E-3FB5-4DAD-80F1-2B76158D493F}.DebugMac|Mixed Platforms.Build.0 = Debug|Any CPU
		{C6D7920E-3FB5-4DAD-80F1-2B76158D493F}.DebugMac|osx.ActiveCfg = Debug|Any CPU
		{C6D7920E-3FB5-4DAD-80F1-2B76158D493F}.DebugMac|x86.ActiveCfg = Debug|Any CPU
		{C6D7920E-3FB5-4DAD-80F1-2B76158D493F}.Release|Any CPU.ActiveCfg = Release|Any CPU
		{C6D7920E-3FB5-4DAD-80F1-2B76158D493F}.Release|Any CPU.Build.0 = Release|Any CPU
		{C6D7920E-3FB5-4DAD-80F1-2B76158D493F}.Release|Mixed Platforms.ActiveCfg = Release|Any CPU
		{C6D7920E-3FB5-4DAD-80F1-2B76158D493F}.Release|Mixed Platforms.Build.0 = Release|Any CPU
		{C6D7920E-3FB5-4DAD-80F1-2B76158D493F}.Release|osx.ActiveCfg = Release|Any CPU
		{C6D7920E-3FB5-4DAD-80F1-2B76158D493F}.Release|x86.ActiveCfg = Release|Any CPU
		{C6D7920E-3FB5-4DAD-80F1-2B76158D493F}.ReleaseMac|Any CPU.ActiveCfg = Release|Any CPU
		{C6D7920E-3FB5-4DAD-80F1-2B76158D493F}.ReleaseMac|Any CPU.Build.0 = Release|Any CPU
		{C6D7920E-3FB5-4DAD-80F1-2B76158D493F}.ReleaseMac|Mixed Platforms.ActiveCfg = Release|Any CPU
		{C6D7920E-3FB5-4DAD-80F1-2B76158D493F}.ReleaseMac|Mixed Platforms.Build.0 = Release|Any CPU
		{C6D7920E-3FB5-4DAD-80F1-2B76158D493F}.ReleaseMac|osx.ActiveCfg = Release|Any CPU
		{C6D7920E-3FB5-4DAD-80F1-2B76158D493F}.ReleaseMac|x86.ActiveCfg = Release|Any CPU
	EndGlobalSection
	GlobalSection(SolutionProperties) = preSolution
		HideSolutionNode = FALSE
	EndGlobalSection
	GlobalSection(MonoDevelopProperties) = preSolution
		StartupItem = SharpFlame\SharpFlame.csproj
		Policies = $0
		$0.TextStylePolicy = $3
		$1.inheritsSet = null
		$1.scope = text/x-csharp
		$0.CSharpFormattingPolicy = $2
		$2.ElseIfNewLinePlacement = SameLine
		$2.AfterDelegateDeclarationParameterComma = True
		$2.inheritsSet = Mono
		$2.inheritsScope = text/x-csharp
		$2.scope = text/x-csharp
		$3.FileWidth = 120
		$3.EolMarker = Windows
		$3.inheritsSet = VisualStudio
		$3.inheritsScope = text/plain
		$3.scope = text/plain
	EndGlobalSection
EndGlobal
